
Microsoft Visual Studio Solution File, Format Version 12.00
# Visual Studio Version 17
VisualStudioVersion = 17.3.32611.2
MinimumVisualStudioVersion = 10.0.40219.1
Project("{9A19103F-16F7-4668-BE54-9A1E7A4F7556}") = "session1", "session1\session1.csproj", "{89BF5C5E-DACE-4A35-8168-5D0AD0CE1E03}"
EndProject
Project("{9A19103F-16F7-4668-BE54-9A1E7A4F7556}") = "MyLib1", "MyLib1\MyLib1.csproj", "{0BEA87C5-5F6F-4833-B9B9-4F7EA37E0BF7}"
EndProject
Project("{9A19103F-16F7-4668-BE54-9A1E7A4F7556}") = "session2", "session2\session2.csproj", "{6D568DB1-0471-4C5D-9B5F-06F71A0ECE61}"
EndProject
Project("{9A19103F-16F7-4668-BE54-9A1E7A4F7556}") = "session3", "session3\session3.csproj", "{5743A44B-FB2A-4013-9557-D7A15325DE8F}"
EndProject
Project("{2150E333-8FDC-42A3-9474-1A3956D46DE8}") = "Manolis", "Manolis", "{2A317E30-6866-4D9D-B9F8-BB85C737986B}"
EndProject
Project("{2150E333-8FDC-42A3-9474-1A3956D46DE8}") = "Fanis", "Fanis", "{C9395D2E-2783-4C49-A672-D6777EAF09D4}"
EndProject
Project("{9A19103F-16F7-4668-BE54-9A1E7A4F7556}") = "ManolisShop", "ManolisShop\ManolisShop.csproj", "{1248AAE9-E169-4800-9430-3DE50A6810DD}"
EndProject
Project("{9A19103F-16F7-4668-BE54-9A1E7A4F7556}") = "FanisSensors", "FanisSensors\FanisSensors.csproj", "{885B7B70-4B7F-4572-A5BB-9B9620BC3A8B}"
EndProject
Project("{9A19103F-16F7-4668-BE54-9A1E7A4F7556}") = "dbSession", "dbSession\dbSession.csproj", "{8D739C13-8865-47A9-BD19-CC3E82F5549F}"
EndProject
Project("{9A19103F-16F7-4668-BE54-9A1E7A4F7556}") = "SessionServer", "SessionServer\SessionServer.csproj", "{9EB354C5-4262-4FC5-A67C-0A1647CF8FC3}"
EndProject
Project("{9A19103F-16F7-4668-BE54-9A1E7A4F7556}") = "CleanServer", "CleanServer\CleanServer.csproj", "{315E65B6-CA15-4519-842E-F85F58056BAB}"
EndProject
Project("{9A19103F-16F7-4668-BE54-9A1E7A4F7556}") = "MServer", "MServer\MServer.csproj", "{2F928FB4-CE96-4EDA-8570-2E5ACF01F08A}"
EndProject
Global
	GlobalSection(SolutionConfigurationPlatforms) = preSolution
		Debug|Any CPU = Debug|Any CPU
		Release|Any CPU = Release|Any CPU
	EndGlobalSection
	GlobalSection(ProjectConfigurationPlatforms) = postSolution
		{89BF5C5E-DACE-4A35-8168-5D0AD0CE1E03}.Debug|Any CPU.ActiveCfg = Debug|Any CPU
		{89BF5C5E-DACE-4A35-8168-5D0AD0CE1E03}.Debug|Any CPU.Build.0 = Debug|Any CPU
		{89BF5C5E-DACE-4A35-8168-5D0AD0CE1E03}.Release|Any CPU.ActiveCfg = Release|Any CPU
		{89BF5C5E-DACE-4A35-8168-5D0AD0CE1E03}.Release|Any CPU.Build.0 = Release|Any CPU
		{0BEA87C5-5F6F-4833-B9B9-4F7EA37E0BF7}.Debug|Any CPU.ActiveCfg = Debug|Any CPU
		{0BEA87C5-5F6F-4833-B9B9-4F7EA37E0BF7}.Debug|Any CPU.Build.0 = Debug|Any CPU
		{0BEA87C5-5F6F-4833-B9B9-4F7EA37E0BF7}.Release|Any CPU.ActiveCfg = Release|Any CPU
		{0BEA87C5-5F6F-4833-B9B9-4F7EA37E0BF7}.Release|Any CPU.Build.0 = Release|Any CPU
		{6D568DB1-0471-4C5D-9B5F-06F71A0ECE61}.Debug|Any CPU.ActiveCfg = Debug|Any CPU
		{6D568DB1-0471-4C5D-9B5F-06F71A0ECE61}.Debug|Any CPU.Build.0 = Debug|Any CPU
		{6D568DB1-0471-4C5D-9B5F-06F71A0ECE61}.Release|Any CPU.ActiveCfg = Release|Any CPU
		{6D568DB1-0471-4C5D-9B5F-06F71A0ECE61}.Release|Any CPU.Build.0 = Release|Any CPU
		{5743A44B-FB2A-4013-9557-D7A15325DE8F}.Debug|Any CPU.ActiveCfg = Debug|Any CPU
		{5743A44B-FB2A-4013-9557-D7A15325DE8F}.Debug|Any CPU.Build.0 = Debug|Any CPU
		{5743A44B-FB2A-4013-9557-D7A15325DE8F}.Release|Any CPU.ActiveCfg = Release|Any CPU
		{5743A44B-FB2A-4013-9557-D7A15325DE8F}.Release|Any CPU.Build.0 = Release|Any CPU
		{1248AAE9-E169-4800-9430-3DE50A6810DD}.Debug|Any CPU.ActiveCfg = Debug|Any CPU
		{1248AAE9-E169-4800-9430-3DE50A6810DD}.Debug|Any CPU.Build.0 = Debug|Any CPU
		{1248AAE9-E169-4800-9430-3DE50A6810DD}.Release|Any CPU.ActiveCfg = Release|Any CPU
		{1248AAE9-E169-4800-9430-3DE50A6810DD}.Release|Any CPU.Build.0 = Release|Any CPU
		{885B7B70-4B7F-4572-A5BB-9B9620BC3A8B}.Debug|Any CPU.ActiveCfg = Debug|Any CPU
		{885B7B70-4B7F-4572-A5BB-9B9620BC3A8B}.Debug|Any CPU.Build.0 = Debug|Any CPU
		{885B7B70-4B7F-4572-A5BB-9B9620BC3A8B}.Release|Any CPU.ActiveCfg = Release|Any CPU
		{885B7B70-4B7F-4572-A5BB-9B9620BC3A8B}.Release|Any CPU.Build.0 = Release|Any CPU
		{8D739C13-8865-47A9-BD19-CC3E82F5549F}.Debug|Any CPU.ActiveCfg = Debug|Any CPU
		{8D739C13-8865-47A9-BD19-CC3E82F5549F}.Debug|Any CPU.Build.0 = Debug|Any CPU
		{8D739C13-8865-47A9-BD19-CC3E82F5549F}.Release|Any CPU.ActiveCfg = Release|Any CPU
		{8D739C13-8865-47A9-BD19-CC3E82F5549F}.Release|Any CPU.Build.0 = Release|Any CPU
		{9EB354C5-4262-4FC5-A67C-0A1647CF8FC3}.Debug|Any CPU.ActiveCfg = Debug|Any CPU
		{9EB354C5-4262-4FC5-A67C-0A1647CF8FC3}.Debug|Any CPU.Build.0 = Debug|Any CPU
		{9EB354C5-4262-4FC5-A67C-0A1647CF8FC3}.Release|Any CPU.ActiveCfg = Release|Any CPU
		{9EB354C5-4262-4FC5-A67C-0A1647CF8FC3}.Release|Any CPU.Build.0 = Release|Any CPU
		{315E65B6-CA15-4519-842E-F85F58056BAB}.Debug|Any CPU.ActiveCfg = Debug|Any CPU
		{315E65B6-CA15-4519-842E-F85F58056BAB}.Debug|Any CPU.Build.0 = Debug|Any CPU
		{315E65B6-CA15-4519-842E-F85F58056BAB}.Release|Any CPU.ActiveCfg = Release|Any CPU
		{315E65B6-CA15-4519-842E-F85F58056BAB}.Release|Any CPU.Build.0 = Release|Any CPU
		{2F928FB4-CE96-4EDA-8570-2E5ACF01F08A}.Debug|Any CPU.ActiveCfg = Debug|Any CPU
		{2F928FB4-CE96-4EDA-8570-2E5ACF01F08A}.Debug|Any CPU.Build.0 = Debug|Any CPU
		{2F928FB4-CE96-4EDA-8570-2E5ACF01F08A}.Release|Any CPU.ActiveCfg = Release|Any CPU
		{2F928FB4-CE96-4EDA-8570-2E5ACF01F08A}.Release|Any CPU.Build.0 = Release|Any CPU
	EndGlobalSection
	GlobalSection(SolutionProperties) = preSolution
		HideSolutionNode = FALSE
	EndGlobalSection
	GlobalSection(NestedProjects) = preSolution
		{1248AAE9-E169-4800-9430-3DE50A6810DD} = {2A317E30-6866-4D9D-B9F8-BB85C737986B}
		{885B7B70-4B7F-4572-A5BB-9B9620BC3A8B} = {C9395D2E-2783-4C49-A672-D6777EAF09D4}
		{2F928FB4-CE96-4EDA-8570-2E5ACF01F08A} = {2A317E30-6866-4D9D-B9F8-BB85C737986B}
	EndGlobalSection
	GlobalSection(ExtensibilityGlobals) = postSolution
		SolutionGuid = {317F9A7D-EFBC-4F87-815D-B0F812BF9346}
	EndGlobalSection
EndGlobal
