
Microsoft Visual Studio Solution File, Format Version 12.00
# Visual Studio Version 17
VisualStudioVersion = 17.3.32728.150
MinimumVisualStudioVersion = 10.0.40219.1
Project("{9A19103F-16F7-4668-BE54-9A1E7A4F7556}") = "DispSensors", "DispSensors.csproj", "{7398AE05-CE18-4B56-B7EA-6E0B8D1F0B15}"
EndProject
Global
	GlobalSection(SolutionConfigurationPlatforms) = preSolution
		Debug|Any CPU = Debug|Any CPU
		Release|Any CPU = Release|Any CPU
	EndGlobalSection
	GlobalSection(ProjectConfigurationPlatforms) = postSolution
		{7398AE05-CE18-4B56-B7EA-6E0B8D1F0B15}.Debug|Any CPU.ActiveCfg = Debug|Any CPU
		{7398AE05-CE18-4B56-B7EA-6E0B8D1F0B15}.Debug|Any CPU.Build.0 = Debug|Any CPU
		{7398AE05-CE18-4B56-B7EA-6E0B8D1F0B15}.Release|Any CPU.ActiveCfg = Release|Any CPU
		{7398AE05-CE18-4B56-B7EA-6E0B8D1F0B15}.Release|Any CPU.Build.0 = Release|Any CPU
	EndGlobalSection
	GlobalSection(SolutionProperties) = preSolution
		HideSolutionNode = FALSE
	EndGlobalSection
	GlobalSection(ExtensibilityGlobals) = postSolution
		SolutionGuid = {EAA7D7C7-C311-4227-827E-A66DA63E0C52}
	EndGlobalSection
EndGlobal
